
Microsoft Visual Studio Solution File, Format Version 12.00
# Visual Studio Version 16
VisualStudioVersion = 16.0.31624.102
MinimumVisualStudioVersion = 10.0.40219.1
Project("{FAE04EC0-301F-11D3-BF4B-00C04F79EFBC}") = "Aladdin", "Aladdin\Aladdin.csproj", "{80765EC7-6843-40DC-9640-619F14A7687B}"
EndProject
Global
	GlobalSection(SolutionConfigurationPlatforms) = preSolution
		Debug|Any CPU = Debug|Any CPU
		Release|Any CPU = Release|Any CPU
	EndGlobalSection
	GlobalSection(ProjectConfigurationPlatforms) = postSolution
		{80765EC7-6843-40DC-9640-619F14A7687B}.Debug|Any CPU.ActiveCfg = Debug|Any CPU
		{80765EC7-6843-40DC-9640-619F14A7687B}.Debug|Any CPU.Build.0 = Debug|Any CPU
		{80765EC7-6843-40DC-9640-619F14A7687B}.Release|Any CPU.ActiveCfg = Release|Any CPU
		{80765EC7-6843-40DC-9640-619F14A7687B}.Release|Any CPU.Build.0 = Release|Any CPU
	EndGlobalSection
	GlobalSection(SolutionProperties) = preSolution
		HideSolutionNode = FALSE
	EndGlobalSection
	GlobalSection(ExtensibilityGlobals) = postSolution
		SolutionGuid = {6D3AF930-D7CF-4E43-8CCD-8103C14DBAE8}
	EndGlobalSection
EndGlobal
