
Microsoft Visual Studio Solution File, Format Version 12.00
# Visual Studio Version 16
VisualStudioVersion = 16.0.31515.178
MinimumVisualStudioVersion = 10.0.40219.1
Project("{FAE04EC0-301F-11D3-BF4B-00C04F79EFBC}") = "Alladin", "Alladin.csproj", "{580E3723-51C6-40CD-8938-3011490DEAEA}"
EndProject
Global
	GlobalSection(SolutionConfigurationPlatforms) = preSolution
		Debug|Any CPU = Debug|Any CPU
		Release|Any CPU = Release|Any CPU
	EndGlobalSection
	GlobalSection(ProjectConfigurationPlatforms) = postSolution
		{580E3723-51C6-40CD-8938-3011490DEAEA}.Debug|Any CPU.ActiveCfg = Debug|Any CPU
		{580E3723-51C6-40CD-8938-3011490DEAEA}.Debug|Any CPU.Build.0 = Debug|Any CPU
		{580E3723-51C6-40CD-8938-3011490DEAEA}.Release|Any CPU.ActiveCfg = Release|Any CPU
		{580E3723-51C6-40CD-8938-3011490DEAEA}.Release|Any CPU.Build.0 = Release|Any CPU
	EndGlobalSection
	GlobalSection(SolutionProperties) = preSolution
		HideSolutionNode = FALSE
	EndGlobalSection
	GlobalSection(ExtensibilityGlobals) = postSolution
		SolutionGuid = {12F92C87-F7FD-4B40-859E-13D579AE0A1C}
	EndGlobalSection
EndGlobal
